
Microsoft Visual Studio Solution File, Format Version 12.00
# Visual Studio Version 17
VisualStudioVersion = 17.9.34616.47
MinimumVisualStudioVersion = 10.0.40219.1
Project("{FAE04EC0-301F-11D3-BF4B-00C04F79EFBC}") = "HW2", "HW2\HW2.csproj", "{41A0326D-B728-4908-B965-E885EC92E140}"
EndProject
Global
	GlobalSection(SolutionConfigurationPlatforms) = preSolution
		Debug|Any CPU = Debug|Any CPU
		Release|Any CPU = Release|Any CPU
	EndGlobalSection
	GlobalSection(ProjectConfigurationPlatforms) = postSolution
		{41A0326D-B728-4908-B965-E885EC92E140}.Debug|Any CPU.ActiveCfg = Debug|Any CPU
		{41A0326D-B728-4908-B965-E885EC92E140}.Debug|Any CPU.Build.0 = Debug|Any CPU
		{41A0326D-B728-4908-B965-E885EC92E140}.Release|Any CPU.ActiveCfg = Release|Any CPU
		{41A0326D-B728-4908-B965-E885EC92E140}.Release|Any CPU.Build.0 = Release|Any CPU
	EndGlobalSection
	GlobalSection(SolutionProperties) = preSolution
		HideSolutionNode = FALSE
	EndGlobalSection
	GlobalSection(ExtensibilityGlobals) = postSolution
		SolutionGuid = {3A89EAD9-7A0A-4C81-BEB5-52389E485F28}
	EndGlobalSection
EndGlobal
